// !$*UTF8*$!
{
	archiveVersion = 1;
	classes = {
	};
	objectVersion = 46;
	objects = {

/* Begin PBXBuildFile section */
		2214786B1BA28F93001FC4BB /* ListStreamViewController.swift in Sources */ = {isa = PBXBuildFile; fileRef = 2214786A1BA28F93001FC4BB /* ListStreamViewController.swift */; };
		22193E4E1BA632690074CFE8 /* BasicListStreamTableViewCell.swift in Sources */ = {isa = PBXBuildFile; fileRef = 22193E4D1BA632690074CFE8 /* BasicListStreamTableViewCell.swift */; };
		221D88301C1FBBC000E37C7E /* CardExampleViewController.swift in Sources */ = {isa = PBXBuildFile; fileRef = 221D882F1C1FBBC000E37C7E /* CardExampleViewController.swift */; };
		221D88321C1FBBE100E37C7E /* CardExampleTableViewCell.swift in Sources */ = {isa = PBXBuildFile; fileRef = 221D88311C1FBBE100E37C7E /* CardExampleTableViewCell.swift */; };
		222F51101C1E61870090542C /* HomeViewController.swift in Sources */ = {isa = PBXBuildFile; fileRef = 222F510F1C1E61870090542C /* HomeViewController.swift */; };
		2278F8341C1E4E2100D827B8 /* StandardExampleViewController.swift in Sources */ = {isa = PBXBuildFile; fileRef = 2278F8331C1E4E2100D827B8 /* StandardExampleViewController.swift */; };
		2278F8361C1E573E00D827B8 /* StandardTableViewCell.swift in Sources */ = {isa = PBXBuildFile; fileRef = 2278F8351C1E573E00D827B8 /* StandardTableViewCell.swift */; };
		22B433651B7803FE00F4A1DE /* AppDelegate.swift in Sources */ = {isa = PBXBuildFile; fileRef = 22B433641B7803FE00F4A1DE /* AppDelegate.swift */; };
		22B4336A1B7803FE00F4A1DE /* Main.storyboard in Resources */ = {isa = PBXBuildFile; fileRef = 22B433681B7803FE00F4A1DE /* Main.storyboard */; };
		22B4336C1B7803FE00F4A1DE /* Images.xcassets in Resources */ = {isa = PBXBuildFile; fileRef = 22B4336B1B7803FE00F4A1DE /* Images.xcassets */; };
		22B4336F1B7803FE00F4A1DE /* LaunchScreen.xib in Resources */ = {isa = PBXBuildFile; fileRef = 22B4336D1B7803FE00F4A1DE /* LaunchScreen.xib */; };
		22CB316E1BA6782700F1E60D /* GraphicalCardsViewController.swift in Sources */ = {isa = PBXBuildFile; fileRef = 22CB316D1BA6782700F1E60D /* GraphicalCardsViewController.swift */; };
		22CB31701BA67CFC00F1E60D /* GraphicalCardTableViewCell.swift in Sources */ = {isa = PBXBuildFile; fileRef = 22CB316F1BA67CFC00F1E60D /* GraphicalCardTableViewCell.swift */; };
		22CB31721BA67D0800F1E60D /* TextCardTableViewCell.swift in Sources */ = {isa = PBXBuildFile; fileRef = 22CB31711BA67D0800F1E60D /* TextCardTableViewCell.swift */; };
		22CB31741BA6870300F1E60D /* CarnivalLabel.swift in Sources */ = {isa = PBXBuildFile; fileRef = 22CB31731BA6870300F1E60D /* CarnivalLabel.swift */; };
		22CB31781BA7949000F1E60D /* Localizable.strings in Resources */ = {isa = PBXBuildFile; fileRef = 22CB31771BA7949000F1E60D /* Localizable.strings */; };
		22FED0D21BBCDFAC005792D9 /* ScreenSizeHelper.swift in Sources */ = {isa = PBXBuildFile; fileRef = 22FED0D11BBCDFAC005792D9 /* ScreenSizeHelper.swift */; };
		22FED0D41BBCE01F005792D9 /* RoundedButton.swift in Sources */ = {isa = PBXBuildFile; fileRef = 22FED0D31BBCE01F005792D9 /* RoundedButton.swift */; };
		2FEB09919E9EB7E70403AA14 /* libPods-CarnivalSwiftStreamExamples.a in Frameworks */ = {isa = PBXBuildFile; fileRef = B969930E5404CBB0F2A3636D /* libPods-CarnivalSwiftStreamExamples.a */; };
		AAA349EE1D2B6B4C0002C759 /* UILabelHtmlExtention.swift in Sources */ = {isa = PBXBuildFile; fileRef = AAA349ED1D2B6B4C0002C759 /* UILabelHtmlExtention.swift */; };
/* End PBXBuildFile section */

/* Begin PBXFileReference section */
		21A11E1E3C3B1401515335AB /* Pods-CarnivalSwiftStreamExamples.debug.xcconfig */ = {isa = PBXFileReference; includeInIndex = 1; lastKnownFileType = text.xcconfig; name = "Pods-CarnivalSwiftStreamExamples.debug.xcconfig"; path = "../Pods/Target Support Files/Pods-CarnivalSwiftStreamExamples/Pods-CarnivalSwiftStreamExamples.debug.xcconfig"; sourceTree = "<group>"; };
		2214786A1BA28F93001FC4BB /* ListStreamViewController.swift */ = {isa = PBXFileReference; fileEncoding = 4; lastKnownFileType = sourcecode.swift; path = ListStreamViewController.swift; sourceTree = "<group>"; };
		22193E4D1BA632690074CFE8 /* BasicListStreamTableViewCell.swift */ = {isa = PBXFileReference; fileEncoding = 4; lastKnownFileType = sourcecode.swift; path = BasicListStreamTableViewCell.swift; sourceTree = "<group>"; };
		221D882F1C1FBBC000E37C7E /* CardExampleViewController.swift */ = {isa = PBXFileReference; fileEncoding = 4; lastKnownFileType = sourcecode.swift; path = CardExampleViewController.swift; sourceTree = "<group>"; };
		221D88311C1FBBE100E37C7E /* CardExampleTableViewCell.swift */ = {isa = PBXFileReference; fileEncoding = 4; lastKnownFileType = sourcecode.swift; path = CardExampleTableViewCell.swift; sourceTree = "<group>"; };
		222F510F1C1E61870090542C /* HomeViewController.swift */ = {isa = PBXFileReference; fileEncoding = 4; lastKnownFileType = sourcecode.swift; path = HomeViewController.swift; sourceTree = "<group>"; };
		2278F8331C1E4E2100D827B8 /* StandardExampleViewController.swift */ = {isa = PBXFileReference; fileEncoding = 4; lastKnownFileType = sourcecode.swift; path = StandardExampleViewController.swift; sourceTree = "<group>"; };
		2278F8351C1E573E00D827B8 /* StandardTableViewCell.swift */ = {isa = PBXFileReference; fileEncoding = 4; lastKnownFileType = sourcecode.swift; path = StandardTableViewCell.swift; sourceTree = "<group>"; };
		22B4335F1B7803FE00F4A1DE /* CarnivalSwiftStreamExamples.app */ = {isa = PBXFileReference; explicitFileType = wrapper.application; includeInIndex = 0; path = CarnivalSwiftStreamExamples.app; sourceTree = BUILT_PRODUCTS_DIR; };
		22B433631B7803FE00F4A1DE /* Info.plist */ = {isa = PBXFileReference; lastKnownFileType = text.plist.xml; path = Info.plist; sourceTree = "<group>"; };
		22B433641B7803FE00F4A1DE /* AppDelegate.swift */ = {isa = PBXFileReference; lastKnownFileType = sourcecode.swift; path = AppDelegate.swift; sourceTree = "<group>"; };
		22B433691B7803FE00F4A1DE /* Base */ = {isa = PBXFileReference; lastKnownFileType = file.storyboard; name = Base; path = Base.lproj/Main.storyboard; sourceTree = "<group>"; };
		22B4336B1B7803FE00F4A1DE /* Images.xcassets */ = {isa = PBXFileReference; lastKnownFileType = folder.assetcatalog; path = Images.xcassets; sourceTree = "<group>"; };
		22B4336E1B7803FE00F4A1DE /* Base */ = {isa = PBXFileReference; lastKnownFileType = file.xib; name = Base; path = Base.lproj/LaunchScreen.xib; sourceTree = "<group>"; };
		22B433841B7808B400F4A1DE /* CarnivalSwiftStreamExamples-Bridging-Header.h */ = {isa = PBXFileReference; lastKnownFileType = sourcecode.c.h; path = "CarnivalSwiftStreamExamples-Bridging-Header.h"; sourceTree = "<group>"; };
		22CB316D1BA6782700F1E60D /* GraphicalCardsViewController.swift */ = {isa = PBXFileReference; fileEncoding = 4; lastKnownFileType = sourcecode.swift; path = GraphicalCardsViewController.swift; sourceTree = "<group>"; };
		22CB316F1BA67CFC00F1E60D /* GraphicalCardTableViewCell.swift */ = {isa = PBXFileReference; fileEncoding = 4; lastKnownFileType = sourcecode.swift; path = GraphicalCardTableViewCell.swift; sourceTree = "<group>"; };
		22CB31711BA67D0800F1E60D /* TextCardTableViewCell.swift */ = {isa = PBXFileReference; fileEncoding = 4; lastKnownFileType = sourcecode.swift; path = TextCardTableViewCell.swift; sourceTree = "<group>"; };
		22CB31731BA6870300F1E60D /* CarnivalLabel.swift */ = {isa = PBXFileReference; fileEncoding = 4; lastKnownFileType = sourcecode.swift; path = CarnivalLabel.swift; sourceTree = "<group>"; };
		22CB31771BA7949000F1E60D /* Localizable.strings */ = {isa = PBXFileReference; fileEncoding = 4; lastKnownFileType = text.plist.strings; name = Localizable.strings; path = ../Localizable.strings; sourceTree = "<group>"; };
		22FED0D11BBCDFAC005792D9 /* ScreenSizeHelper.swift */ = {isa = PBXFileReference; fileEncoding = 4; lastKnownFileType = sourcecode.swift; path = ScreenSizeHelper.swift; sourceTree = "<group>"; };
		22FED0D31BBCE01F005792D9 /* RoundedButton.swift */ = {isa = PBXFileReference; fileEncoding = 4; lastKnownFileType = sourcecode.swift; path = RoundedButton.swift; sourceTree = "<group>"; };
		7E610055042D4238FCA7C7A5 /* Pods-CarnivalSwiftStreamExamples.release.xcconfig */ = {isa = PBXFileReference; includeInIndex = 1; lastKnownFileType = text.xcconfig; name = "Pods-CarnivalSwiftStreamExamples.release.xcconfig"; path = "../Pods/Target Support Files/Pods-CarnivalSwiftStreamExamples/Pods-CarnivalSwiftStreamExamples.release.xcconfig"; sourceTree = "<group>"; };
		AAA349ED1D2B6B4C0002C759 /* UILabelHtmlExtention.swift */ = {isa = PBXFileReference; fileEncoding = 4; lastKnownFileType = sourcecode.swift; path = UILabelHtmlExtention.swift; sourceTree = "<group>"; };
		B969930E5404CBB0F2A3636D /* libPods-CarnivalSwiftStreamExamples.a */ = {isa = PBXFileReference; explicitFileType = archive.ar; includeInIndex = 0; path = "libPods-CarnivalSwiftStreamExamples.a"; sourceTree = BUILT_PRODUCTS_DIR; };
/* End PBXFileReference section */

/* Begin PBXFrameworksBuildPhase section */
		22B4335C1B7803FE00F4A1DE /* Frameworks */ = {
			isa = PBXFrameworksBuildPhase;
			buildActionMask = 2147483647;
			files = (
				2FEB09919E9EB7E70403AA14 /* libPods-CarnivalSwiftStreamExamples.a in Frameworks */,
			);
			runOnlyForDeploymentPostprocessing = 0;
		};
/* End PBXFrameworksBuildPhase section */

/* Begin PBXGroup section */
		221478681BA28DF3001FC4BB /* Graphic Cards Example */ = {
			isa = PBXGroup;
			children = (
				22CB31711BA67D0800F1E60D /* TextCardTableViewCell.swift */,
				22CB316F1BA67CFC00F1E60D /* GraphicalCardTableViewCell.swift */,
				22CB316D1BA6782700F1E60D /* GraphicalCardsViewController.swift */,
			);
			name = "Graphic Cards Example";
			sourceTree = "<group>";
		};
		221478691BA28E02001FC4BB /* List Example */ = {
			isa = PBXGroup;
			children = (
				22193E4D1BA632690074CFE8 /* BasicListStreamTableViewCell.swift */,
				2214786A1BA28F93001FC4BB /* ListStreamViewController.swift */,
			);
			name = "List Example";
			sourceTree = "<group>";
		};
		222F510D1C1E61020090542C /* Misc */ = {
			isa = PBXGroup;
			children = (
				22CB31771BA7949000F1E60D /* Localizable.strings */,
				22CB31731BA6870300F1E60D /* CarnivalLabel.swift */,
				22FED0D31BBCE01F005792D9 /* RoundedButton.swift */,
				22B433841B7808B400F4A1DE /* CarnivalSwiftStreamExamples-Bridging-Header.h */,
				222F510F1C1E61870090542C /* HomeViewController.swift */,
				22FED0D11BBCDFAC005792D9 /* ScreenSizeHelper.swift */,
				22B433641B7803FE00F4A1DE /* AppDelegate.swift */,
				AAA349ED1D2B6B4C0002C759 /* UILabelHtmlExtention.swift */,
			);
			name = Misc;
			sourceTree = "<group>";
		};
		222F510E1C1E61150090542C /* User Interface */ = {
			isa = PBXGroup;
			children = (
				22B433681B7803FE00F4A1DE /* Main.storyboard */,
				22B4336B1B7803FE00F4A1DE /* Images.xcassets */,
				22B4336D1B7803FE00F4A1DE /* LaunchScreen.xib */,
			);
			name = "User Interface";
			sourceTree = "<group>";
		};
		2278F8311C1E33E600D827B8 /* Card Example */ = {
			isa = PBXGroup;
			children = (
				221D882F1C1FBBC000E37C7E /* CardExampleViewController.swift */,
				221D88311C1FBBE100E37C7E /* CardExampleTableViewCell.swift */,
			);
			name = "Card Example";
			sourceTree = "<group>";
		};
		2278F8321C1E33F200D827B8 /* Standard Example */ = {
			isa = PBXGroup;
			children = (
				2278F8331C1E4E2100D827B8 /* StandardExampleViewController.swift */,
				2278F8351C1E573E00D827B8 /* StandardTableViewCell.swift */,
			);
			name = "Standard Example";
			sourceTree = "<group>";
		};
		22B433561B7803FE00F4A1DE = {
			isa = PBXGroup;
			children = (
				22B433611B7803FE00F4A1DE /* CarnivalSwiftStreamExamples */,
				22B433601B7803FE00F4A1DE /* Products */,
				3BE29AA34BAFB0CB9517E4CE /* Pods */,
				E4F4CD2846AB4312D824F46B /* Frameworks */,
			);
			sourceTree = "<group>";
		};
		22B433601B7803FE00F4A1DE /* Products */ = {
			isa = PBXGroup;
			children = (
				22B4335F1B7803FE00F4A1DE /* CarnivalSwiftStreamExamples.app */,
			);
			name = Products;
			sourceTree = "<group>";
		};
		22B433611B7803FE00F4A1DE /* CarnivalSwiftStreamExamples */ = {
			isa = PBXGroup;
			children = (
				222F510E1C1E61150090542C /* User Interface */,
				222F510D1C1E61020090542C /* Misc */,
				221478691BA28E02001FC4BB /* List Example */,
				221478681BA28DF3001FC4BB /* Graphic Cards Example */,
				2278F8321C1E33F200D827B8 /* Standard Example */,
				2278F8311C1E33E600D827B8 /* Card Example */,
				22B433621B7803FE00F4A1DE /* Supporting Files */,
			);
			path = CarnivalSwiftStreamExamples;
			sourceTree = "<group>";
		};
		22B433621B7803FE00F4A1DE /* Supporting Files */ = {
			isa = PBXGroup;
			children = (
				22B433631B7803FE00F4A1DE /* Info.plist */,
			);
			name = "Supporting Files";
			sourceTree = "<group>";
		};
		3BE29AA34BAFB0CB9517E4CE /* Pods */ = {
			isa = PBXGroup;
			children = (
				21A11E1E3C3B1401515335AB /* Pods-CarnivalSwiftStreamExamples.debug.xcconfig */,
				7E610055042D4238FCA7C7A5 /* Pods-CarnivalSwiftStreamExamples.release.xcconfig */,
			);
			name = Pods;
			sourceTree = "<group>";
		};
		E4F4CD2846AB4312D824F46B /* Frameworks */ = {
			isa = PBXGroup;
			children = (
				B969930E5404CBB0F2A3636D /* libPods-CarnivalSwiftStreamExamples.a */,
			);
			name = Frameworks;
			sourceTree = "<group>";
		};
/* End PBXGroup section */

/* Begin PBXNativeTarget section */
		22B4335E1B7803FE00F4A1DE /* CarnivalSwiftStreamExamples */ = {
			isa = PBXNativeTarget;
			buildConfigurationList = 22B4337E1B7803FE00F4A1DE /* Build configuration list for PBXNativeTarget "CarnivalSwiftStreamExamples" */;
			buildPhases = (
				051F9C378F0F5AF6B6A6C18F /* [CP] Check Pods Manifest.lock */,
				6C5E6B07813BBCCB37D3EAEC /* 📦 Check Pods Manifest.lock */,
				22B4335B1B7803FE00F4A1DE /* Sources */,
				22B4335C1B7803FE00F4A1DE /* Frameworks */,
				22B4335D1B7803FE00F4A1DE /* Resources */,
				3E2D5C7F13DBB06F9870B5F9 /* 📦 Copy Pods Resources */,
				C1366AB17EB2E4494B8B4B5C /* [CP] Copy Pods Resources */,
				8F0A3A2999FEAB381F2F4CEF /* [CP] Embed Pods Frameworks */,
			);
			buildRules = (
			);
			dependencies = (
			);
			name = CarnivalSwiftStreamExamples;
			productName = CarnivalSwiftStreamExamples;
			productReference = 22B4335F1B7803FE00F4A1DE /* CarnivalSwiftStreamExamples.app */;
			productType = "com.apple.product-type.application";
		};
/* End PBXNativeTarget section */

/* Begin PBXProject section */
		22B433571B7803FE00F4A1DE /* Project object */ = {
			isa = PBXProject;
			attributes = {
				LastSwiftMigration = 0700;
				LastSwiftUpdateCheck = 0700;
				LastUpgradeCheck = 0700;
				ORGANIZATIONNAME = "Carnival Mobile";
				TargetAttributes = {
					22B4335E1B7803FE00F4A1DE = {
						CreatedOnToolsVersion = 6.4;
						DevelopmentTeam = 9ZEH62KRVF;
						LastSwiftMigration = 1020;
						SystemCapabilities = {
							com.apple.Push = {
								enabled = 1;
							};
						};
					};
				};
			};
			buildConfigurationList = 22B4335A1B7803FE00F4A1DE /* Build configuration list for PBXProject "CarnivalSwiftStreamExamples" */;
			compatibilityVersion = "Xcode 3.2";
			developmentRegion = English;
			hasScannedForEncodings = 0;
			knownRegions = (
				English,
				en,
				Base,
			);
			mainGroup = 22B433561B7803FE00F4A1DE;
			productRefGroup = 22B433601B7803FE00F4A1DE /* Products */;
			projectDirPath = "";
			projectRoot = "";
			targets = (
				22B4335E1B7803FE00F4A1DE /* CarnivalSwiftStreamExamples */,
			);
		};
/* End PBXProject section */

/* Begin PBXResourcesBuildPhase section */
		22B4335D1B7803FE00F4A1DE /* Resources */ = {
			isa = PBXResourcesBuildPhase;
			buildActionMask = 2147483647;
			files = (
				22B4336A1B7803FE00F4A1DE /* Main.storyboard in Resources */,
				22CB31781BA7949000F1E60D /* Localizable.strings in Resources */,
				22B4336F1B7803FE00F4A1DE /* LaunchScreen.xib in Resources */,
				22B4336C1B7803FE00F4A1DE /* Images.xcassets in Resources */,
			);
			runOnlyForDeploymentPostprocessing = 0;
		};
/* End PBXResourcesBuildPhase section */

/* Begin PBXShellScriptBuildPhase section */
		051F9C378F0F5AF6B6A6C18F /* [CP] Check Pods Manifest.lock */ = {
			isa = PBXShellScriptBuildPhase;
			buildActionMask = 2147483647;
			files = (
			);
			inputFileListPaths = (
			);
			inputPaths = (
				"${PODS_PODFILE_DIR_PATH}/Podfile.lock",
				"${PODS_ROOT}/Manifest.lock",
			);
			name = "[CP] Check Pods Manifest.lock";
			outputFileListPaths = (
			);
			outputPaths = (
				"$(DERIVED_FILE_DIR)/Pods-CarnivalSwiftStreamExamples-checkManifestLockResult.txt",
			);
			runOnlyForDeploymentPostprocessing = 0;
			shellPath = /bin/sh;
			shellScript = "diff \"${PODS_PODFILE_DIR_PATH}/Podfile.lock\" \"${PODS_ROOT}/Manifest.lock\" > /dev/null\nif [ $? != 0 ] ; then\n    # print error to STDERR\n    echo \"error: The sandbox is not in sync with the Podfile.lock. Run 'pod install' or update your CocoaPods installation.\" >&2\n    exit 1\nfi\n# This output is used by Xcode 'outputs' to avoid re-running this script phase.\necho \"SUCCESS\" > \"${SCRIPT_OUTPUT_FILE_0}\"\n";
			showEnvVarsInLog = 0;
		};
		3E2D5C7F13DBB06F9870B5F9 /* 📦 Copy Pods Resources */ = {
			isa = PBXShellScriptBuildPhase;
			buildActionMask = 2147483647;
			files = (
			);
			inputPaths = (
			);
			name = "📦 Copy Pods Resources";
			outputPaths = (
			);
			runOnlyForDeploymentPostprocessing = 0;
			shellPath = /bin/sh;
			shellScript = "\"${SRCROOT}/../Pods/Target Support Files/Pods-CarnivalSwiftStreamExamples/Pods-CarnivalSwiftStreamExamples-resources.sh\"\n";
			showEnvVarsInLog = 0;
		};
		6C5E6B07813BBCCB37D3EAEC /* 📦 Check Pods Manifest.lock */ = {
			isa = PBXShellScriptBuildPhase;
			buildActionMask = 2147483647;
			files = (
			);
			inputPaths = (
			);
			name = "📦 Check Pods Manifest.lock";
			outputPaths = (
			);
			runOnlyForDeploymentPostprocessing = 0;
			shellPath = /bin/sh;
			shellScript = "diff \"${PODS_ROOT}/../Podfile.lock\" \"${PODS_ROOT}/Manifest.lock\" > /dev/null\nif [[ $? != 0 ]] ; then\n    cat << EOM\nerror: The sandbox is not in sync with the Podfile.lock. Run 'pod install' or update your CocoaPods installation.\nEOM\n    exit 1\nfi\n";
			showEnvVarsInLog = 0;
		};
		8F0A3A2999FEAB381F2F4CEF /* [CP] Embed Pods Frameworks */ = {
			isa = PBXShellScriptBuildPhase;
			buildActionMask = 2147483647;
			files = (
			);
			inputFileListPaths = (
			);
			inputPaths = (
				"${PODS_ROOT}/Target Support Files/Pods-CarnivalSwiftStreamExamples/Pods-CarnivalSwiftStreamExamples-frameworks.sh",
				"${PODS_ROOT}/Carnival/Carnival.framework",
				"${PODS_ROOT}/Carnival/CarnivalExtension.framework",
			);
			name = "[CP] Embed Pods Frameworks";
			outputFileListPaths = (
			);
			outputPaths = (
				"${TARGET_BUILD_DIR}/${FRAMEWORKS_FOLDER_PATH}/Carnival.framework",
				"${TARGET_BUILD_DIR}/${FRAMEWORKS_FOLDER_PATH}/CarnivalExtension.framework",
			);
			runOnlyForDeploymentPostprocessing = 0;
			shellPath = /bin/sh;
			shellScript = "\"${PODS_ROOT}/Target Support Files/Pods-CarnivalSwiftStreamExamples/Pods-CarnivalSwiftStreamExamples-frameworks.sh\"\n";
			showEnvVarsInLog = 0;
		};
		C1366AB17EB2E4494B8B4B5C /* [CP] Copy Pods Resources */ = {
			isa = PBXShellScriptBuildPhase;
			buildActionMask = 2147483647;
			files = (
			);
			inputFileListPaths = (
			);
			inputPaths = (
				"${PODS_ROOT}/Target Support Files/Pods-CarnivalSwiftStreamExamples/Pods-CarnivalSwiftStreamExamples-resources.sh",
				"${PODS_ROOT}/Carnival/Carnival.framework/cp_close_button@2x.png",
				"${PODS_ROOT}/Carnival/Carnival.framework/cp_close_button_white@2x.png",
				"${PODS_ROOT}/Carnival/Carnival.framework/cp_message_close_button@2x.png",
				"${PODS_ROOT}/Carnival/Carnival.framework/cp_refresh.png",
				"${PODS_ROOT}/Carnival/Carnival.framework/cp_safari-7@2x~ipad.png",
				"${PODS_ROOT}/Carnival/Carnival.framework/cp_safari-7@2x~iphone.png",
				"${PODS_ROOT}/Carnival/Carnival.framework/cp_safari-7@3x~iphone.png",
				"${PODS_ROOT}/Carnival/Carnival.framework/cp_safari-7~ipad.png",
				"${PODS_ROOT}/Carnival/Carnival.framework/cp_safari-7~iphone.png",
				"${PODS_ROOT}/Carnival/Carnival.framework/cp_safari@2x~ipad.png",
				"${PODS_ROOT}/Carnival/Carnival.framework/cp_safari@2x~iphone.png",
				"${PODS_ROOT}/Carnival/Carnival.framework/cp_safari@3x~iphone.png",
				"${PODS_ROOT}/Carnival/Carnival.framework/cp_safari~ipad.png",
				"${PODS_ROOT}/Carnival/Carnival.framework/cp_safari~iphone.png",
				"${PODS_ROOT}/Carnival/Carnival.framework/cp_share_button_white@2x.png",
				"${PODS_ROOT}/Carnival/Carnival.framework/cp_stream_back_button@2x.png",
				"${PODS_ROOT}/Carnival/Carnival.framework/cp_stream_back_button_white@2x.png",
				"${PODS_ROOT}/DateTools/DateTools/DateTools.bundle",
			);
			name = "[CP] Copy Pods Resources";
			outputFileListPaths = (
			);
			outputPaths = (
				"${TARGET_BUILD_DIR}/${UNLOCALIZED_RESOURCES_FOLDER_PATH}/cp_close_button@2x.png",
				"${TARGET_BUILD_DIR}/${UNLOCALIZED_RESOURCES_FOLDER_PATH}/cp_close_button_white@2x.png",
				"${TARGET_BUILD_DIR}/${UNLOCALIZED_RESOURCES_FOLDER_PATH}/cp_message_close_button@2x.png",
				"${TARGET_BUILD_DIR}/${UNLOCALIZED_RESOURCES_FOLDER_PATH}/cp_refresh.png",
				"${TARGET_BUILD_DIR}/${UNLOCALIZED_RESOURCES_FOLDER_PATH}/cp_safari-7@2x~ipad.png",
				"${TARGET_BUILD_DIR}/${UNLOCALIZED_RESOURCES_FOLDER_PATH}/cp_safari-7@2x~iphone.png",
				"${TARGET_BUILD_DIR}/${UNLOCALIZED_RESOURCES_FOLDER_PATH}/cp_safari-7@3x~iphone.png",
				"${TARGET_BUILD_DIR}/${UNLOCALIZED_RESOURCES_FOLDER_PATH}/cp_safari-7~ipad.png",
				"${TARGET_BUILD_DIR}/${UNLOCALIZED_RESOURCES_FOLDER_PATH}/cp_safari-7~iphone.png",
				"${TARGET_BUILD_DIR}/${UNLOCALIZED_RESOURCES_FOLDER_PATH}/cp_safari@2x~ipad.png",
				"${TARGET_BUILD_DIR}/${UNLOCALIZED_RESOURCES_FOLDER_PATH}/cp_safari@2x~iphone.png",
				"${TARGET_BUILD_DIR}/${UNLOCALIZED_RESOURCES_FOLDER_PATH}/cp_safari@3x~iphone.png",
				"${TARGET_BUILD_DIR}/${UNLOCALIZED_RESOURCES_FOLDER_PATH}/cp_safari~ipad.png",
				"${TARGET_BUILD_DIR}/${UNLOCALIZED_RESOURCES_FOLDER_PATH}/cp_safari~iphone.png",
				"${TARGET_BUILD_DIR}/${UNLOCALIZED_RESOURCES_FOLDER_PATH}/cp_share_button_white@2x.png",
				"${TARGET_BUILD_DIR}/${UNLOCALIZED_RESOURCES_FOLDER_PATH}/cp_stream_back_button@2x.png",
				"${TARGET_BUILD_DIR}/${UNLOCALIZED_RESOURCES_FOLDER_PATH}/cp_stream_back_button_white@2x.png",
				"${TARGET_BUILD_DIR}/${UNLOCALIZED_RESOURCES_FOLDER_PATH}/DateTools.bundle",
			);
			runOnlyForDeploymentPostprocessing = 0;
			shellPath = /bin/sh;
			shellScript = "\"${PODS_ROOT}/Target Support Files/Pods-CarnivalSwiftStreamExamples/Pods-CarnivalSwiftStreamExamples-resources.sh\"\n";
			showEnvVarsInLog = 0;
		};
/* End PBXShellScriptBuildPhase section */

/* Begin PBXSourcesBuildPhase section */
		22B4335B1B7803FE00F4A1DE /* Sources */ = {
			isa = PBXSourcesBuildPhase;
			buildActionMask = 2147483647;
			files = (
				22CB31721BA67D0800F1E60D /* TextCardTableViewCell.swift in Sources */,
				22B433651B7803FE00F4A1DE /* AppDelegate.swift in Sources */,
				2278F8361C1E573E00D827B8 /* StandardTableViewCell.swift in Sources */,
				22193E4E1BA632690074CFE8 /* BasicListStreamTableViewCell.swift in Sources */,
				221D88321C1FBBE100E37C7E /* CardExampleTableViewCell.swift in Sources */,
				22CB316E1BA6782700F1E60D /* GraphicalCardsViewController.swift in Sources */,
				2278F8341C1E4E2100D827B8 /* StandardExampleViewController.swift in Sources */,
				22FED0D41BBCE01F005792D9 /* RoundedButton.swift in Sources */,
				22FED0D21BBCDFAC005792D9 /* ScreenSizeHelper.swift in Sources */,
				2214786B1BA28F93001FC4BB /* ListStreamViewController.swift in Sources */,
				AAA349EE1D2B6B4C0002C759 /* UILabelHtmlExtention.swift in Sources */,
				22CB31741BA6870300F1E60D /* CarnivalLabel.swift in Sources */,
				22CB31701BA67CFC00F1E60D /* GraphicalCardTableViewCell.swift in Sources */,
				222F51101C1E61870090542C /* HomeViewController.swift in Sources */,
				221D88301C1FBBC000E37C7E /* CardExampleViewController.swift in Sources */,
			);
			runOnlyForDeploymentPostprocessing = 0;
		};
/* End PBXSourcesBuildPhase section */

/* Begin PBXVariantGroup section */
		22B433681B7803FE00F4A1DE /* Main.storyboard */ = {
			isa = PBXVariantGroup;
			children = (
				22B433691B7803FE00F4A1DE /* Base */,
			);
			name = Main.storyboard;
			sourceTree = "<group>";
		};
		22B4336D1B7803FE00F4A1DE /* LaunchScreen.xib */ = {
			isa = PBXVariantGroup;
			children = (
				22B4336E1B7803FE00F4A1DE /* Base */,
			);
			name = LaunchScreen.xib;
			sourceTree = "<group>";
		};
/* End PBXVariantGroup section */

/* Begin XCBuildConfiguration section */
		22B1627C1B7810270015A3B9 /* Release */ = {
			isa = XCBuildConfiguration;
			buildSettings = {
				ALWAYS_SEARCH_USER_PATHS = NO;
				CLANG_CXX_LANGUAGE_STANDARD = "gnu++0x";
				CLANG_CXX_LIBRARY = "libc++";
				CLANG_ENABLE_MODULES = YES;
				CLANG_ENABLE_OBJC_ARC = YES;
				CLANG_WARN_BOOL_CONVERSION = YES;
				CLANG_WARN_CONSTANT_CONVERSION = YES;
				CLANG_WARN_DIRECT_OBJC_ISA_USAGE = YES_ERROR;
				CLANG_WARN_EMPTY_BODY = YES;
				CLANG_WARN_ENUM_CONVERSION = YES;
				CLANG_WARN_INT_CONVERSION = YES;
				CLANG_WARN_OBJC_ROOT_CLASS = YES_ERROR;
				CLANG_WARN_UNREACHABLE_CODE = YES;
				CLANG_WARN__DUPLICATE_METHOD_MATCH = YES;
				"CODE_SIGN_IDENTITY[sdk=iphoneos*]" = "iPhone Developer";
				COPY_PHASE_STRIP = NO;
				DEBUG_INFORMATION_FORMAT = "dwarf-with-dsym";
				ENABLE_STRICT_OBJC_MSGSEND = YES;
				GCC_C_LANGUAGE_STANDARD = gnu99;
				GCC_DYNAMIC_NO_PIC = NO;
				GCC_NO_COMMON_BLOCKS = YES;
				GCC_OPTIMIZATION_LEVEL = 0;
				GCC_PREPROCESSOR_DEFINITIONS = (
					"DEBUG=1",
					"$(inherited)",
				);
				GCC_SYMBOLS_PRIVATE_EXTERN = NO;
				GCC_WARN_64_TO_32_BIT_CONVERSION = YES;
				GCC_WARN_ABOUT_RETURN_TYPE = YES_ERROR;
				GCC_WARN_UNDECLARED_SELECTOR = YES;
				GCC_WARN_UNINITIALIZED_AUTOS = YES_AGGRESSIVE;
				GCC_WARN_UNUSED_FUNCTION = YES;
				GCC_WARN_UNUSED_VARIABLE = YES;
				IPHONEOS_DEPLOYMENT_TARGET = 8.4;
				MTL_ENABLE_DEBUG_INFO = YES;
				ONLY_ACTIVE_ARCH = YES;
				SDKROOT = iphoneos;
				SWIFT_OBJC_BRIDGING_HEADER = "CarnivalSwiftStreamExamples/CarnivalSwiftStreamExamples-Bridging-Header.h";
				SWIFT_OPTIMIZATION_LEVEL = "-Onone";
				TARGETED_DEVICE_FAMILY = "1,2";
				USER_HEADER_SEARCH_PATHS = "";
			};
			name = Release;
		};
		22B1627D1B7810270015A3B9 /* Release */ = {
			isa = XCBuildConfiguration;
			baseConfigurationReference = 7E610055042D4238FCA7C7A5 /* Pods-CarnivalSwiftStreamExamples.release.xcconfig */;
			buildSettings = {
				ASSETCATALOG_COMPILER_APPICON_NAME = AppIcon;
				CODE_SIGN_IDENTITY = "iPhone Developer";
				"CODE_SIGN_IDENTITY[sdk=iphoneos*]" = "iPhone Developer";
				ENABLE_BITCODE = NO;
				INFOPLIST_FILE = CarnivalSwiftStreamExamples/Info.plist;
				IPHONEOS_DEPLOYMENT_TARGET = 8.0;
				LD_RUNPATH_SEARCH_PATHS = "$(inherited) @executable_path/Frameworks";
				PRODUCT_BUNDLE_IDENTIFIER = io.carnival.streamexamples;
				PRODUCT_NAME = "$(TARGET_NAME)";
				PROVISIONING_PROFILE = "";
				SWIFT_VERSION = 5.0;
			};
			name = Release;
		};
		22B4337C1B7803FE00F4A1DE /* Debug */ = {
			isa = XCBuildConfiguration;
			buildSettings = {
				ALWAYS_SEARCH_USER_PATHS = NO;
				CLANG_CXX_LANGUAGE_STANDARD = "gnu++0x";
				CLANG_CXX_LIBRARY = "libc++";
				CLANG_ENABLE_MODULES = YES;
				CLANG_ENABLE_OBJC_ARC = YES;
				CLANG_WARN_BOOL_CONVERSION = YES;
				CLANG_WARN_CONSTANT_CONVERSION = YES;
				CLANG_WARN_DIRECT_OBJC_ISA_USAGE = YES_ERROR;
				CLANG_WARN_EMPTY_BODY = YES;
				CLANG_WARN_ENUM_CONVERSION = YES;
				CLANG_WARN_INT_CONVERSION = YES;
				CLANG_WARN_OBJC_ROOT_CLASS = YES_ERROR;
				CLANG_WARN_UNREACHABLE_CODE = YES;
				CLANG_WARN__DUPLICATE_METHOD_MATCH = YES;
				"CODE_SIGN_IDENTITY[sdk=iphoneos*]" = "iPhone Developer";
				COPY_PHASE_STRIP = NO;
				DEBUG_INFORMATION_FORMAT = "dwarf-with-dsym";
				ENABLE_STRICT_OBJC_MSGSEND = YES;
				ENABLE_TESTABILITY = YES;
				GCC_C_LANGUAGE_STANDARD = gnu99;
				GCC_DYNAMIC_NO_PIC = NO;
				GCC_NO_COMMON_BLOCKS = YES;
				GCC_OPTIMIZATION_LEVEL = 0;
				GCC_PREPROCESSOR_DEFINITIONS = (
					"DEBUG=1",
					"$(inherited)",
				);
				GCC_SYMBOLS_PRIVATE_EXTERN = NO;
				GCC_WARN_64_TO_32_BIT_CONVERSION = YES;
				GCC_WARN_ABOUT_RETURN_TYPE = YES_ERROR;
				GCC_WARN_UNDECLARED_SELECTOR = YES;
				GCC_WARN_UNINITIALIZED_AUTOS = YES_AGGRESSIVE;
				GCC_WARN_UNUSED_FUNCTION = YES;
				GCC_WARN_UNUSED_VARIABLE = YES;
				IPHONEOS_DEPLOYMENT_TARGET = 8.4;
				MTL_ENABLE_DEBUG_INFO = YES;
				ONLY_ACTIVE_ARCH = YES;
				SDKROOT = iphoneos;
				SWIFT_OBJC_BRIDGING_HEADER = "CarnivalSwiftStreamExamples/CarnivalSwiftStreamExamples-Bridging-Header.h";
				SWIFT_OPTIMIZATION_LEVEL = "-Onone";
				TARGETED_DEVICE_FAMILY = "1,2";
				USER_HEADER_SEARCH_PATHS = "";
			};
			name = Debug;
		};
		22B4337F1B7803FE00F4A1DE /* Debug */ = {
			isa = XCBuildConfiguration;
			baseConfigurationReference = 21A11E1E3C3B1401515335AB /* Pods-CarnivalSwiftStreamExamples.debug.xcconfig */;
			buildSettings = {
				ASSETCATALOG_COMPILER_APPICON_NAME = AppIcon;
				CODE_SIGN_IDENTITY = "iPhone Developer";
				"CODE_SIGN_IDENTITY[sdk=iphoneos*]" = "iPhone Developer";
				ENABLE_BITCODE = NO;
				INFOPLIST_FILE = CarnivalSwiftStreamExamples/Info.plist;
				IPHONEOS_DEPLOYMENT_TARGET = 8.0;
				LD_RUNPATH_SEARCH_PATHS = "$(inherited) @executable_path/Frameworks";
				PRODUCT_BUNDLE_IDENTIFIER = io.carnival.streamexamples;
				PRODUCT_NAME = "$(TARGET_NAME)";
				PROVISIONING_PROFILE = "";
				SWIFT_VERSION = 5.0;
			};
			name = Debug;
		};
/* End XCBuildConfiguration section */

/* Begin XCConfigurationList section */
		22B4335A1B7803FE00F4A1DE /* Build configuration list for PBXProject "CarnivalSwiftStreamExamples" */ = {
			isa = XCConfigurationList;
			buildConfigurations = (
				22B4337C1B7803FE00F4A1DE /* Debug */,
				22B1627C1B7810270015A3B9 /* Release */,
			);
			defaultConfigurationIsVisible = 0;
			defaultConfigurationName = Debug;
		};
		22B4337E1B7803FE00F4A1DE /* Build configuration list for PBXNativeTarget "CarnivalSwiftStreamExamples" */ = {
			isa = XCConfigurationList;
			buildConfigurations = (
				22B4337F1B7803FE00F4A1DE /* Debug */,
				22B1627D1B7810270015A3B9 /* Release */,
			);
			defaultConfigurationIsVisible = 0;
			defaultConfigurationName = Debug;
		};
/* End XCConfigurationList section */
	};
	rootObject = 22B433571B7803FE00F4A1DE /* Project object */;
}
